
Microsoft Visual Studio Solution File, Format Version 12.00
# Visual Studio Version 17
VisualStudioVersion = 17.8.34408.163
MinimumVisualStudioVersion = 10.0.40219.1
Project("{FAE04EC0-301F-11D3-BF4B-00C04F79EFBC}") = "BowlerApp", "BowlerApp.csproj", "{1F329D51-9D4D-4418-B1FC-24FE7BC17BCD}"
EndProject
Global
	GlobalSection(SolutionConfigurationPlatforms) = preSolution
		Debug|Any CPU = Debug|Any CPU
		Release|Any CPU = Release|Any CPU
	EndGlobalSection
	GlobalSection(ProjectConfigurationPlatforms) = postSolution
		{1F329D51-9D4D-4418-B1FC-24FE7BC17BCD}.Debug|Any CPU.ActiveCfg = Debug|Any CPU
		{1F329D51-9D4D-4418-B1FC-24FE7BC17BCD}.Debug|Any CPU.Build.0 = Debug|Any CPU
		{1F329D51-9D4D-4418-B1FC-24FE7BC17BCD}.Release|Any CPU.ActiveCfg = Release|Any CPU
		{1F329D51-9D4D-4418-B1FC-24FE7BC17BCD}.Release|Any CPU.Build.0 = Release|Any CPU
	EndGlobalSection
	GlobalSection(SolutionProperties) = preSolution
		HideSolutionNode = FALSE
	EndGlobalSection
	GlobalSection(ExtensibilityGlobals) = postSolution
		SolutionGuid = {6ABF4E0B-D39C-4132-BF15-F96CAA06960E}
	EndGlobalSection
EndGlobal
